
Microsoft Visual Studio Solution File, Format Version 12.00
# Visual Studio 15
VisualStudioVersion = 15.0.28010.2026
MinimumVisualStudioVersion = 10.0.40219.1
Project("{FAE04EC0-301F-11D3-BF4B-00C04F79EFBC}") = "App02_TipoPaginaXF.Android", "App02_TipoPaginaXF\App02_TipoPaginaXF.Android\App02_TipoPaginaXF.Android.csproj", "{A4B98496-BF8C-4008-8C25-BB642161985D}"
EndProject
Project("{FAE04EC0-301F-11D3-BF4B-00C04F79EFBC}") = "App02_TipoPaginaXF.iOS", "App02_TipoPaginaXF\App02_TipoPaginaXF.iOS\App02_TipoPaginaXF.iOS.csproj", "{3EF25D5D-CD48-4ADB-9965-EEDE7DCCF04A}"
EndProject
Project("{FAE04EC0-301F-11D3-BF4B-00C04F79EFBC}") = "App02_TipoPaginaXF", "App02_TipoPaginaXF\App02_TipoPaginaXF\App02_TipoPaginaXF.csproj", "{6DC2B62D-5542-46C9-96D2-D4D05879AB66}"
EndProject
Global
	GlobalSection(SolutionConfigurationPlatforms) = preSolution
		Ad-Hoc|Any CPU = Ad-Hoc|Any CPU
		Ad-Hoc|iPhone = Ad-Hoc|iPhone
		Ad-Hoc|iPhoneSimulator = Ad-Hoc|iPhoneSimulator
		AppStore|Any CPU = AppStore|Any CPU
		AppStore|iPhone = AppStore|iPhone
		AppStore|iPhoneSimulator = AppStore|iPhoneSimulator
		Debug|Any CPU = Debug|Any CPU
		Debug|iPhone = Debug|iPhone
		Debug|iPhoneSimulator = Debug|iPhoneSimulator
		Release|Any CPU = Release|Any CPU
		Release|iPhone = Release|iPhone
		Release|iPhoneSimulator = Release|iPhoneSimulator
	EndGlobalSection
	GlobalSection(ProjectConfigurationPlatforms) = postSolution
		{A4B98496-BF8C-4008-8C25-BB642161985D}.Ad-Hoc|Any CPU.ActiveCfg = Release|Any CPU
		{A4B98496-BF8C-4008-8C25-BB642161985D}.Ad-Hoc|Any CPU.Build.0 = Release|Any CPU
		{A4B98496-BF8C-4008-8C25-BB642161985D}.Ad-Hoc|Any CPU.Deploy.0 = Release|Any CPU
		{A4B98496-BF8C-4008-8C25-BB642161985D}.Ad-Hoc|iPhone.ActiveCfg = Release|Any CPU
		{A4B98496-BF8C-4008-8C25-BB642161985D}.Ad-Hoc|iPhone.Build.0 = Release|Any CPU
		{A4B98496-BF8C-4008-8C25-BB642161985D}.Ad-Hoc|iPhone.Deploy.0 = Release|Any CPU
		{A4B98496-BF8C-4008-8C25-BB642161985D}.Ad-Hoc|iPhoneSimulator.ActiveCfg = Release|Any CPU
		{A4B98496-BF8C-4008-8C25-BB642161985D}.Ad-Hoc|iPhoneSimulator.Build.0 = Release|Any CPU
		{A4B98496-BF8C-4008-8C25-BB642161985D}.Ad-Hoc|iPhoneSimulator.Deploy.0 = Release|Any CPU
		{A4B98496-BF8C-4008-8C25-BB642161985D}.AppStore|Any CPU.ActiveCfg = Release|Any CPU
		{A4B98496-BF8C-4008-8C25-BB642161985D}.AppStore|Any CPU.Build.0 = Release|Any CPU
		{A4B98496-BF8C-4008-8C25-BB642161985D}.AppStore|Any CPU.Deploy.0 = Release|Any CPU
		{A4B98496-BF8C-4008-8C25-BB642161985D}.AppStore|iPhone.ActiveCfg = Release|Any CPU
		{A4B98496-BF8C-4008-8C25-BB642161985D}.AppStore|iPhone.Build.0 = Release|Any CPU
		{A4B98496-BF8C-4008-8C25-BB642161985D}.AppStore|iPhone.Deploy.0 = Release|Any CPU
		{A4B98496-BF8C-4008-8C25-BB642161985D}.AppStore|iPhoneSimulator.ActiveCfg = Release|Any CPU
		{A4B98496-BF8C-4008-8C25-BB642161985D}.AppStore|iPhoneSimulator.Build.0 = Release|Any CPU
		{A4B98496-BF8C-4008-8C25-BB642161985D}.AppStore|iPhoneSimulator.Deploy.0 = Release|Any CPU
		{A4B98496-BF8C-4008-8C25-BB642161985D}.Debug|Any CPU.ActiveCfg = Debug|Any CPU
		{A4B98496-BF8C-4008-8C25-BB642161985D}.Debug|Any CPU.Build.0 = Debug|Any CPU
		{A4B98496-BF8C-4008-8C25-BB642161985D}.Debug|Any CPU.Deploy.0 = Debug|Any CPU
		{A4B98496-BF8C-4008-8C25-BB642161985D}.Debug|iPhone.ActiveCfg = Debug|Any CPU
		{A4B98496-BF8C-4008-8C25-BB642161985D}.Debug|iPhone.Build.0 = Debug|Any CPU
		{A4B98496-BF8C-4008-8C25-BB642161985D}.Debug|iPhone.Deploy.0 = Debug|Any CPU
		{A4B98496-BF8C-4008-8C25-BB642161985D}.Debug|iPhoneSimulator.ActiveCfg = Debug|Any CPU
		{A4B98496-BF8C-4008-8C25-BB642161985D}.Debug|iPhoneSimulator.Build.0 = Debug|Any CPU
		{A4B98496-BF8C-4008-8C25-BB642161985D}.Debug|iPhoneSimulator.Deploy.0 = Debug|Any CPU
		{A4B98496-BF8C-4008-8C25-BB642161985D}.Release|Any CPU.ActiveCfg = Release|Any CPU
		{A4B98496-BF8C-4008-8C25-BB642161985D}.Release|Any CPU.Build.0 = Release|Any CPU
		{A4B98496-BF8C-4008-8C25-BB642161985D}.Release|Any CPU.Deploy.0 = Release|Any CPU
		{A4B98496-BF8C-4008-8C25-BB642161985D}.Release|iPhone.ActiveCfg = Release|Any CPU
		{A4B98496-BF8C-4008-8C25-BB642161985D}.Release|iPhone.Build.0 = Release|Any CPU
		{A4B98496-BF8C-4008-8C25-BB642161985D}.Release|iPhone.Deploy.0 = Release|Any CPU
		{A4B98496-BF8C-4008-8C25-BB642161985D}.Release|iPhoneSimulator.ActiveCfg = Release|Any CPU
		{A4B98496-BF8C-4008-8C25-BB642161985D}.Release|iPhoneSimulator.Build.0 = Release|Any CPU
		{A4B98496-BF8C-4008-8C25-BB642161985D}.Release|iPhoneSimulator.Deploy.0 = Release|Any CPU
		{3EF25D5D-CD48-4ADB-9965-EEDE7DCCF04A}.Ad-Hoc|Any CPU.ActiveCfg = Ad-Hoc|iPhone
		{3EF25D5D-CD48-4ADB-9965-EEDE7DCCF04A}.Ad-Hoc|Any CPU.Build.0 = Ad-Hoc|iPhone
		{3EF25D5D-CD48-4ADB-9965-EEDE7DCCF04A}.Ad-Hoc|Any CPU.Deploy.0 = Ad-Hoc|iPhone
		{3EF25D5D-CD48-4ADB-9965-EEDE7DCCF04A}.Ad-Hoc|iPhone.ActiveCfg = Ad-Hoc|iPhone
		{3EF25D5D-CD48-4ADB-9965-EEDE7DCCF04A}.Ad-Hoc|iPhone.Build.0 = Ad-Hoc|iPhone
		{3EF25D5D-CD48-4ADB-9965-EEDE7DCCF04A}.Ad-Hoc|iPhone.Deploy.0 = Ad-Hoc|iPhone
		{3EF25D5D-CD48-4ADB-9965-EEDE7DCCF04A}.Ad-Hoc|iPhoneSimulator.ActiveCfg = Ad-Hoc|iPhoneSimulator
		{3EF25D5D-CD48-4ADB-9965-EEDE7DCCF04A}.Ad-Hoc|iPhoneSimulator.Build.0 = Ad-Hoc|iPhoneSimulator
		{3EF25D5D-CD48-4ADB-9965-EEDE7DCCF04A}.Ad-Hoc|iPhoneSimulator.Deploy.0 = Ad-Hoc|iPhoneSimulator
		{3EF25D5D-CD48-4ADB-9965-EEDE7DCCF04A}.AppStore|Any CPU.ActiveCfg = AppStore|iPhone
		{3EF25D5D-CD48-4ADB-9965-EEDE7DCCF04A}.AppStore|Any CPU.Build.0 = AppStore|iPhone
		{3EF25D5D-CD48-4ADB-9965-EEDE7DCCF04A}.AppStore|Any CPU.Deploy.0 = AppStore|iPhone
		{3EF25D5D-CD48-4ADB-9965-EEDE7DCCF04A}.AppStore|iPhone.ActiveCfg = AppStore|iPhone
		{3EF25D5D-CD48-4ADB-9965-EEDE7DCCF04A}.AppStore|iPhone.Build.0 = AppStore|iPhone
		{3EF25D5D-CD48-4ADB-9965-EEDE7DCCF04A}.AppStore|iPhone.Deploy.0 = AppStore|iPhone
		{3EF25D5D-CD48-4ADB-9965-EEDE7DCCF04A}.AppStore|iPhoneSimulator.ActiveCfg = AppStore|iPhoneSimulator
		{3EF25D5D-CD48-4ADB-9965-EEDE7DCCF04A}.AppStore|iPhoneSimulator.Build.0 = AppStore|iPhoneSimulator
		{3EF25D5D-CD48-4ADB-9965-EEDE7DCCF04A}.AppStore|iPhoneSimulator.Deploy.0 = AppStore|iPhoneSimulator
		{3EF25D5D-CD48-4ADB-9965-EEDE7DCCF04A}.Debug|Any CPU.ActiveCfg = Debug|iPhoneSimulator
		{3EF25D5D-CD48-4ADB-9965-EEDE7DCCF04A}.Debug|Any CPU.Build.0 = Debug|iPhoneSimulator
		{3EF25D5D-CD48-4ADB-9965-EEDE7DCCF04A}.Debug|Any CPU.Deploy.0 = Debug|iPhoneSimulator
		{3EF25D5D-CD48-4ADB-9965-EEDE7DCCF04A}.Debug|iPhone.ActiveCfg = Debug|iPhone
		{3EF25D5D-CD48-4ADB-9965-EEDE7DCCF04A}.Debug|iPhone.Build.0 = Debug|iPhone
		{3EF25D5D-CD48-4ADB-9965-EEDE7DCCF04A}.Debug|iPhone.Deploy.0 = Debug|iPhone
		{3EF25D5D-CD48-4ADB-9965-EEDE7DCCF04A}.Debug|iPhoneSimulator.ActiveCfg = Debug|iPhoneSimulator
		{3EF25D5D-CD48-4ADB-9965-EEDE7DCCF04A}.Debug|iPhoneSimulator.Build.0 = Debug|iPhoneSimulator
		{3EF25D5D-CD48-4ADB-9965-EEDE7DCCF04A}.Debug|iPhoneSimulator.Deploy.0 = Debug|iPhoneSimulator
		{3EF25D5D-CD48-4ADB-9965-EEDE7DCCF04A}.Release|Any CPU.ActiveCfg = Release|iPhone
		{3EF25D5D-CD48-4ADB-9965-EEDE7DCCF04A}.Release|Any CPU.Build.0 = Release|iPhone
		{3EF25D5D-CD48-4ADB-9965-EEDE7DCCF04A}.Release|Any CPU.Deploy.0 = Release|iPhone
		{3EF25D5D-CD48-4ADB-9965-EEDE7DCCF04A}.Release|iPhone.ActiveCfg = Release|iPhone
		{3EF25D5D-CD48-4ADB-9965-EEDE7DCCF04A}.Release|iPhone.Build.0 = Release|iPhone
		{3EF25D5D-CD48-4ADB-9965-EEDE7DCCF04A}.Release|iPhone.Deploy.0 = Release|iPhone
		{3EF25D5D-CD48-4ADB-9965-EEDE7DCCF04A}.Release|iPhoneSimulator.ActiveCfg = Release|iPhoneSimulator
		{3EF25D5D-CD48-4ADB-9965-EEDE7DCCF04A}.Release|iPhoneSimulator.Build.0 = Release|iPhoneSimulator
		{3EF25D5D-CD48-4ADB-9965-EEDE7DCCF04A}.Release|iPhoneSimulator.Deploy.0 = Release|iPhoneSimulator
		{6DC2B62D-5542-46C9-96D2-D4D05879AB66}.Ad-Hoc|Any CPU.ActiveCfg = Debug|Any CPU
		{6DC2B62D-5542-46C9-96D2-D4D05879AB66}.Ad-Hoc|Any CPU.Build.0 = Debug|Any CPU
		{6DC2B62D-5542-46C9-96D2-D4D05879AB66}.Ad-Hoc|Any CPU.Deploy.0 = Debug|Any CPU
		{6DC2B62D-5542-46C9-96D2-D4D05879AB66}.Ad-Hoc|iPhone.ActiveCfg = Debug|Any CPU
		{6DC2B62D-5542-46C9-96D2-D4D05879AB66}.Ad-Hoc|iPhone.Build.0 = Debug|Any CPU
		{6DC2B62D-5542-46C9-96D2-D4D05879AB66}.Ad-Hoc|iPhone.Deploy.0 = Debug|Any CPU
		{6DC2B62D-5542-46C9-96D2-D4D05879AB66}.Ad-Hoc|iPhoneSimulator.ActiveCfg = Debug|Any CPU
		{6DC2B62D-5542-46C9-96D2-D4D05879AB66}.Ad-Hoc|iPhoneSimulator.Build.0 = Debug|Any CPU
		{6DC2B62D-5542-46C9-96D2-D4D05879AB66}.Ad-Hoc|iPhoneSimulator.Deploy.0 = Debug|Any CPU
		{6DC2B62D-5542-46C9-96D2-D4D05879AB66}.AppStore|Any CPU.ActiveCfg = Debug|Any CPU
		{6DC2B62D-5542-46C9-96D2-D4D05879AB66}.AppStore|Any CPU.Build.0 = Debug|Any CPU
		{6DC2B62D-5542-46C9-96D2-D4D05879AB66}.AppStore|Any CPU.Deploy.0 = Debug|Any CPU
		{6DC2B62D-5542-46C9-96D2-D4D05879AB66}.AppStore|iPhone.ActiveCfg = Debug|Any CPU
		{6DC2B62D-5542-46C9-96D2-D4D05879AB66}.AppStore|iPhone.Build.0 = Debug|Any CPU
		{6DC2B62D-5542-46C9-96D2-D4D05879AB66}.AppStore|iPhone.Deploy.0 = Debug|Any CPU
		{6DC2B62D-5542-46C9-96D2-D4D05879AB66}.AppStore|iPhoneSimulator.ActiveCfg = Debug|Any CPU
		{6DC2B62D-5542-46C9-96D2-D4D05879AB66}.AppStore|iPhoneSimulator.Build.0 = Debug|Any CPU
		{6DC2B62D-5542-46C9-96D2-D4D05879AB66}.AppStore|iPhoneSimulator.Deploy.0 = Debug|Any CPU
		{6DC2B62D-5542-46C9-96D2-D4D05879AB66}.Debug|Any CPU.ActiveCfg = Debug|Any CPU
		{6DC2B62D-5542-46C9-96D2-D4D05879AB66}.Debug|Any CPU.Build.0 = Debug|Any CPU
		{6DC2B62D-5542-46C9-96D2-D4D05879AB66}.Debug|Any CPU.Deploy.0 = Debug|Any CPU
		{6DC2B62D-5542-46C9-96D2-D4D05879AB66}.Debug|iPhone.ActiveCfg = Debug|Any CPU
		{6DC2B62D-5542-46C9-96D2-D4D05879AB66}.Debug|iPhone.Build.0 = Debug|Any CPU
		{6DC2B62D-5542-46C9-96D2-D4D05879AB66}.Debug|iPhone.Deploy.0 = Debug|Any CPU
		{6DC2B62D-5542-46C9-96D2-D4D05879AB66}.Debug|iPhoneSimulator.ActiveCfg = Debug|Any CPU
		{6DC2B62D-5542-46C9-96D2-D4D05879AB66}.Debug|iPhoneSimulator.Build.0 = Debug|Any CPU
		{6DC2B62D-5542-46C9-96D2-D4D05879AB66}.Debug|iPhoneSimulator.Deploy.0 = Debug|Any CPU
		{6DC2B62D-5542-46C9-96D2-D4D05879AB66}.Release|Any CPU.ActiveCfg = Release|Any CPU
		{6DC2B62D-5542-46C9-96D2-D4D05879AB66}.Release|Any CPU.Build.0 = Release|Any CPU
		{6DC2B62D-5542-46C9-96D2-D4D05879AB66}.Release|Any CPU.Deploy.0 = Release|Any CPU
		{6DC2B62D-5542-46C9-96D2-D4D05879AB66}.Release|iPhone.ActiveCfg = Release|Any CPU
		{6DC2B62D-5542-46C9-96D2-D4D05879AB66}.Release|iPhone.Build.0 = Release|Any CPU
		{6DC2B62D-5542-46C9-96D2-D4D05879AB66}.Release|iPhone.Deploy.0 = Release|Any CPU
		{6DC2B62D-5542-46C9-96D2-D4D05879AB66}.Release|iPhoneSimulator.ActiveCfg = Release|Any CPU
		{6DC2B62D-5542-46C9-96D2-D4D05879AB66}.Release|iPhoneSimulator.Build.0 = Release|Any CPU
		{6DC2B62D-5542-46C9-96D2-D4D05879AB66}.Release|iPhoneSimulator.Deploy.0 = Release|Any CPU
	EndGlobalSection
	GlobalSection(SolutionProperties) = preSolution
		HideSolutionNode = FALSE
	EndGlobalSection
	GlobalSection(ExtensibilityGlobals) = postSolution
		SolutionGuid = {E8977EF5-8A15-48DD-90FB-F6B710039F2C}
	EndGlobalSection
EndGlobal
